
Microsoft Visual Studio Solution File, Format Version 12.00
# Visual Studio Version 17
VisualStudioVersion = 17.10.35013.160
MinimumVisualStudioVersion = 10.0.40219.1
Project("{9A19103F-16F7-4668-BE54-9A1E7A4F7556}") = "FortsLobbyManager", "FortsLobbyManager\FortsLobbyManager.csproj", "{6413E220-F011-4BCD-8288-2A5A21CAC7D9}"
EndProject
Global
	GlobalSection(SolutionConfigurationPlatforms) = preSolution
		Debug|Any CPU = Debug|Any CPU
		Release|Any CPU = Release|Any CPU
	EndGlobalSection
	GlobalSection(ProjectConfigurationPlatforms) = postSolution
		{6413E220-F011-4BCD-8288-2A5A21CAC7D9}.Debug|Any CPU.ActiveCfg = Debug|Any CPU
		{6413E220-F011-4BCD-8288-2A5A21CAC7D9}.Debug|Any CPU.Build.0 = Debug|Any CPU
		{6413E220-F011-4BCD-8288-2A5A21CAC7D9}.Release|Any CPU.ActiveCfg = Release|Any CPU
		{6413E220-F011-4BCD-8288-2A5A21CAC7D9}.Release|Any CPU.Build.0 = Release|Any CPU
	EndGlobalSection
	GlobalSection(SolutionProperties) = preSolution
		HideSolutionNode = FALSE
	EndGlobalSection
	GlobalSection(ExtensibilityGlobals) = postSolution
		SolutionGuid = {09116044-EE3C-44F1-8432-CB7B26BFA43F}
	EndGlobalSection
EndGlobal
